
Microsoft Visual Studio Solution File, Format Version 12.00
# Visual Studio Version 16
VisualStudioVersion = 16.0.29215.179
MinimumVisualStudioVersion = 10.0.40219.1
Project("{FAE04EC0-301F-11D3-BF4B-00C04F79EFBC}") = "Methods", "Methods.csproj", "{F04FEFB6-4AD4-4842-BE50-BC605D58EA47}"
EndProject
Global
	GlobalSection(SolutionConfigurationPlatforms) = preSolution
		Debug|Any CPU = Debug|Any CPU
		Release|Any CPU = Release|Any CPU
	EndGlobalSection
	GlobalSection(ProjectConfigurationPlatforms) = postSolution
		{F04FEFB6-4AD4-4842-BE50-BC605D58EA47}.Debug|Any CPU.ActiveCfg = Debug|Any CPU
		{F04FEFB6-4AD4-4842-BE50-BC605D58EA47}.Debug|Any CPU.Build.0 = Debug|Any CPU
		{F04FEFB6-4AD4-4842-BE50-BC605D58EA47}.Release|Any CPU.ActiveCfg = Release|Any CPU
		{F04FEFB6-4AD4-4842-BE50-BC605D58EA47}.Release|Any CPU.Build.0 = Release|Any CPU
	EndGlobalSection
	GlobalSection(SolutionProperties) = preSolution
		HideSolutionNode = FALSE
	EndGlobalSection
	GlobalSection(ExtensibilityGlobals) = postSolution
		SolutionGuid = {8B4F4106-F652-42D3-BDA5-7C161C368719}
	EndGlobalSection
EndGlobal
